// !$*UTF8*$!
{
	archiveVersion = 1;
	classes = {
	};
	objectVersion = 46;
	objects = {

/* Begin PBXBuildFile section */
		BE10C7E01D4C884600A9BC48 /* AppDelegate.swift in Sources */ = {isa = PBXBuildFile; fileRef = BE10C7DF1D4C884600A9BC48 /* AppDelegate.swift */; };
		BE10C7E21D4C884600A9BC48 /* ViewController.swift in Sources */ = {isa = PBXBuildFile; fileRef = BE10C7E11D4C884600A9BC48 /* ViewController.swift */; };
		BE10C7E51D4C884600A9BC48 /* Main.storyboard in Resources */ = {isa = PBXBuildFile; fileRef = BE10C7E31D4C884600A9BC48 /* Main.storyboard */; };
		BE10C7E71D4C884600A9BC48 /* Assets.xcassets in Resources */ = {isa = PBXBuildFile; fileRef = BE10C7E61D4C884600A9BC48 /* Assets.xcassets */; };
		BE10C7EA1D4C884600A9BC48 /* LaunchScreen.storyboard in Resources */ = {isa = PBXBuildFile; fileRef = BE10C7E81D4C884600A9BC48 /* LaunchScreen.storyboard */; };
		BE7926151D4FACCD00F939F2 /* KWFillBlankExtension.swift in Sources */ = {isa = PBXBuildFile; fileRef = BE7926111D4FACCD00F939F2 /* KWFillBlankExtension.swift */; };
		BE7926161D4FACCD00F939F2 /* KWFillBlankTextView.swift in Sources */ = {isa = PBXBuildFile; fileRef = BE7926121D4FACCD00F939F2 /* KWFillBlankTextView.swift */; };
		BE7926171D4FACCD00F939F2 /* KWFillBlankViewController.swift in Sources */ = {isa = PBXBuildFile; fileRef = BE7926131D4FACCD00F939F2 /* KWFillBlankViewController.swift */; };
		BE7926181D4FACCD00F939F2 /* KWInputBar.swift in Sources */ = {isa = PBXBuildFile; fileRef = BE7926141D4FACCD00F939F2 /* KWInputBar.swift */; };
/* End PBXBuildFile section */

/* Begin PBXFileReference section */
		BE10C7DC1D4C884600A9BC48 /* KWFillBlankViewControllerDemo.app */ = {isa = PBXFileReference; explicitFileType = wrapper.application; includeInIndex = 0; path = KWFillBlankViewControllerDemo.app; sourceTree = BUILT_PRODUCTS_DIR; };
		BE10C7DF1D4C884600A9BC48 /* AppDelegate.swift */ = {isa = PBXFileReference; lastKnownFileType = sourcecode.swift; path = AppDelegate.swift; sourceTree = "<group>"; };
		BE10C7E11D4C884600A9BC48 /* ViewController.swift */ = {isa = PBXFileReference; lastKnownFileType = sourcecode.swift; path = ViewController.swift; sourceTree = "<group>"; };
		BE10C7E41D4C884600A9BC48 /* Base */ = {isa = PBXFileReference; lastKnownFileType = file.storyboard; name = Base; path = Base.lproj/Main.storyboard; sourceTree = "<group>"; };
		BE10C7E61D4C884600A9BC48 /* Assets.xcassets */ = {isa = PBXFileReference; lastKnownFileType = folder.assetcatalog; path = Assets.xcassets; sourceTree = "<group>"; };
		BE10C7E91D4C884600A9BC48 /* Base */ = {isa = PBXFileReference; lastKnownFileType = file.storyboard; name = Base; path = Base.lproj/LaunchScreen.storyboard; sourceTree = "<group>"; };
		BE10C7EB1D4C884600A9BC48 /* Info.plist */ = {isa = PBXFileReference; lastKnownFileType = text.plist.xml; path = Info.plist; sourceTree = "<group>"; };
		BE7926111D4FACCD00F939F2 /* KWFillBlankExtension.swift */ = {isa = PBXFileReference; fileEncoding = 4; lastKnownFileType = sourcecode.swift; path = KWFillBlankExtension.swift; sourceTree = "<group>"; };
		BE7926121D4FACCD00F939F2 /* KWFillBlankTextView.swift */ = {isa = PBXFileReference; fileEncoding = 4; lastKnownFileType = sourcecode.swift; path = KWFillBlankTextView.swift; sourceTree = "<group>"; };
		BE7926131D4FACCD00F939F2 /* KWFillBlankViewController.swift */ = {isa = PBXFileReference; fileEncoding = 4; lastKnownFileType = sourcecode.swift; path = KWFillBlankViewController.swift; sourceTree = "<group>"; };
		BE7926141D4FACCD00F939F2 /* KWInputBar.swift */ = {isa = PBXFileReference; fileEncoding = 4; lastKnownFileType = sourcecode.swift; path = KWInputBar.swift; sourceTree = "<group>"; };
/* End PBXFileReference section */

/* Begin PBXFrameworksBuildPhase section */
		BE10C7D91D4C884600A9BC48 /* Frameworks */ = {
			isa = PBXFrameworksBuildPhase;
			buildActionMask = 2147483647;
			files = (
			);
			runOnlyForDeploymentPostprocessing = 0;
		};
/* End PBXFrameworksBuildPhase section */

/* Begin PBXGroup section */
		BE10C7D31D4C884600A9BC48 = {
			isa = PBXGroup;
			children = (
				BE10C7DE1D4C884600A9BC48 /* KWFillBlankViewControllerDemo */,
				BE10C7DD1D4C884600A9BC48 /* Products */,
			);
			sourceTree = "<group>";
		};
		BE10C7DD1D4C884600A9BC48 /* Products */ = {
			isa = PBXGroup;
			children = (
				BE10C7DC1D4C884600A9BC48 /* KWFillBlankViewControllerDemo.app */,
			);
			name = Products;
			sourceTree = "<group>";
		};
		BE10C7DE1D4C884600A9BC48 /* KWFillBlankViewControllerDemo */ = {
			isa = PBXGroup;
			children = (
				BE10C7F11D4C886900A9BC48 /* KWFillBlankViewController */,
				BE10C7DF1D4C884600A9BC48 /* AppDelegate.swift */,
				BE10C7E11D4C884600A9BC48 /* ViewController.swift */,
				BE10C7E31D4C884600A9BC48 /* Main.storyboard */,
				BE10C7E61D4C884600A9BC48 /* Assets.xcassets */,
				BE10C7E81D4C884600A9BC48 /* LaunchScreen.storyboard */,
				BE10C7EB1D4C884600A9BC48 /* Info.plist */,
			);
			path = KWFillBlankViewControllerDemo;
			sourceTree = "<group>";
		};
		BE10C7F11D4C886900A9BC48 /* KWFillBlankViewController */ = {
			isa = PBXGroup;
			children = (
				BE7926111D4FACCD00F939F2 /* KWFillBlankExtension.swift */,
				BE7926121D4FACCD00F939F2 /* KWFillBlankTextView.swift */,
				BE7926131D4FACCD00F939F2 /* KWFillBlankViewController.swift */,
				BE7926141D4FACCD00F939F2 /* KWInputBar.swift */,
			);
			name = KWFillBlankViewController;
			path = ../KWFillBlankViewController;
			sourceTree = "<group>";
		};
/* End PBXGroup section */

/* Begin PBXNativeTarget section */
		BE10C7DB1D4C884600A9BC48 /* KWFillBlankViewControllerDemo */ = {
			isa = PBXNativeTarget;
			buildConfigurationList = BE10C7EE1D4C884600A9BC48 /* Build configuration list for PBXNativeTarget "KWFillBlankViewControllerDemo" */;
			buildPhases = (
				BE10C7D81D4C884600A9BC48 /* Sources */,
				BE10C7D91D4C884600A9BC48 /* Frameworks */,
				BE10C7DA1D4C884600A9BC48 /* Resources */,
			);
			buildRules = (
			);
			dependencies = (
			);
			name = KWFillBlankViewControllerDemo;
			productName = KWFillBlankTextView;
			productReference = BE10C7DC1D4C884600A9BC48 /* KWFillBlankViewControllerDemo.app */;
			productType = "com.apple.product-type.application";
		};
/* End PBXNativeTarget section */

/* Begin PBXProject section */
		BE10C7D41D4C884600A9BC48 /* Project object */ = {
			isa = PBXProject;
			attributes = {
				LastSwiftUpdateCheck = 0730;
				LastUpgradeCheck = 0730;
				ORGANIZATIONNAME = yizhe;
				TargetAttributes = {
					BE10C7DB1D4C884600A9BC48 = {
						CreatedOnToolsVersion = 7.3.1;
					};
				};
			};
			buildConfigurationList = BE10C7D71D4C884600A9BC48 /* Build configuration list for PBXProject "KWFillBlankViewControllerDemo" */;
			compatibilityVersion = "Xcode 3.2";
			developmentRegion = English;
			hasScannedForEncodings = 0;
			knownRegions = (
				en,
				Base,
			);
			mainGroup = BE10C7D31D4C884600A9BC48;
			productRefGroup = BE10C7DD1D4C884600A9BC48 /* Products */;
			projectDirPath = "";
			projectRoot = "";
			targets = (
				BE10C7DB1D4C884600A9BC48 /* KWFillBlankViewControllerDemo */,
			);
		};
/* End PBXProject section */

/* Begin PBXResourcesBuildPhase section */
		BE10C7DA1D4C884600A9BC48 /* Resources */ = {
			isa = PBXResourcesBuildPhase;
			buildActionMask = 2147483647;
			files = (
				BE10C7EA1D4C884600A9BC48 /* LaunchScreen.storyboard in Resources */,
				BE10C7E71D4C884600A9BC48 /* Assets.xcassets in Resources */,
				BE10C7E51D4C884600A9BC48 /* Main.storyboard in Resources */,
			);
			runOnlyForDeploymentPostprocessing = 0;
		};
/* End PBXResourcesBuildPhase section */

/* Begin PBXSourcesBuildPhase section */
		BE10C7D81D4C884600A9BC48 /* Sources */ = {
			isa = PBXSourcesBuildPhase;
			buildActionMask = 2147483647;
			files = (
				BE7926181D4FACCD00F939F2 /* KWInputBar.swift in Sources */,
				BE10C7E21D4C884600A9BC48 /* ViewController.swift in Sources */,
				BE7926171D4FACCD00F939F2 /* KWFillBlankViewController.swift in Sources */,
				BE7926161D4FACCD00F939F2 /* KWFillBlankTextView.swift in Sources */,
				BE7926151D4FACCD00F939F2 /* KWFillBlankExtension.swift in Sources */,
				BE10C7E01D4C884600A9BC48 /* AppDelegate.swift in Sources */,
			);
			runOnlyForDeploymentPostprocessing = 0;
		};
/* End PBXSourcesBuildPhase section */

/* Begin PBXVariantGroup section */
		BE10C7E31D4C884600A9BC48 /* Main.storyboard */ = {
			isa = PBXVariantGroup;
			children = (
				BE10C7E41D4C884600A9BC48 /* Base */,
			);
			name = Main.storyboard;
			sourceTree = "<group>";
		};
		BE10C7E81D4C884600A9BC48 /* LaunchScreen.storyboard */ = {
			isa = PBXVariantGroup;
			children = (
				BE10C7E91D4C884600A9BC48 /* Base */,
			);
			name = LaunchScreen.storyboard;
			sourceTree = "<group>";
		};
/* End PBXVariantGroup section */

/* Begin XCBuildConfiguration section */
		BE10C7EC1D4C884600A9BC48 /* Debug */ = {
			isa = XCBuildConfiguration;
			buildSettings = {
				ALWAYS_SEARCH_USER_PATHS = NO;
				CLANG_ANALYZER_NONNULL = YES;
				CLANG_CXX_LANGUAGE_STANDARD = "gnu++0x";
				CLANG_CXX_LIBRARY = "libc++";
				CLANG_ENABLE_MODULES = YES;
				CLANG_ENABLE_OBJC_ARC = YES;
				CLANG_WARN_BOOL_CONVERSION = YES;
				CLANG_WARN_CONSTANT_CONVERSION = YES;
				CLANG_WARN_DIRECT_OBJC_ISA_USAGE = YES_ERROR;
				CLANG_WARN_EMPTY_BODY = YES;
				CLANG_WARN_ENUM_CONVERSION = YES;
				CLANG_WARN_INT_CONVERSION = YES;
				CLANG_WARN_OBJC_ROOT_CLASS = YES_ERROR;
				CLANG_WARN_UNREACHABLE_CODE = YES;
				CLANG_WARN__DUPLICATE_METHOD_MATCH = YES;
				"CODE_SIGN_IDENTITY[sdk=iphoneos*]" = "iPhone Developer";
				COPY_PHASE_STRIP = NO;
				DEBUG_INFORMATION_FORMAT = dwarf;
				ENABLE_STRICT_OBJC_MSGSEND = YES;
				ENABLE_TESTABILITY = YES;
				GCC_C_LANGUAGE_STANDARD = gnu99;
				GCC_DYNAMIC_NO_PIC = NO;
				GCC_NO_COMMON_BLOCKS = YES;
				GCC_OPTIMIZATION_LEVEL = 0;
				GCC_PREPROCESSOR_DEFINITIONS = (
					"DEBUG=1",
					"$(inherited)",
				);
				GCC_WARN_64_TO_32_BIT_CONVERSION = YES;
				GCC_WARN_ABOUT_RETURN_TYPE = YES_ERROR;
				GCC_WARN_UNDECLARED_SELECTOR = YES;
				GCC_WARN_UNINITIALIZED_AUTOS = YES_AGGRESSIVE;
				GCC_WARN_UNUSED_FUNCTION = YES;
				GCC_WARN_UNUSED_VARIABLE = YES;
				IPHONEOS_DEPLOYMENT_TARGET = 9.3;
				MTL_ENABLE_DEBUG_INFO = YES;
				ONLY_ACTIVE_ARCH = YES;
				SDKROOT = iphoneos;
				SWIFT_OPTIMIZATION_LEVEL = "-Onone";
			};
			name = Debug;
		};
		BE10C7ED1D4C884600A9BC48 /* Release */ = {
			isa = XCBuildConfiguration;
			buildSettings = {
				ALWAYS_SEARCH_USER_PATHS = NO;
				CLANG_ANALYZER_NONNULL = YES;
				CLANG_CXX_LANGUAGE_STANDARD = "gnu++0x";
				CLANG_CXX_LIBRARY = "libc++";
				CLANG_ENABLE_MODULES = YES;
				CLANG_ENABLE_OBJC_ARC = YES;
				CLANG_WARN_BOOL_CONVERSION = YES;
				CLANG_WARN_CONSTANT_CONVERSION = YES;
				CLANG_WARN_DIRECT_OBJC_ISA_USAGE = YES_ERROR;
				CLANG_WARN_EMPTY_BODY = YES;
				CLANG_WARN_ENUM_CONVERSION = YES;
				CLANG_WARN_INT_CONVERSION = YES;
				CLANG_WARN_OBJC_ROOT_CLASS = YES_ERROR;
				CLANG_WARN_UNREACHABLE_CODE = YES;
				CLANG_WARN__DUPLICATE_METHOD_MATCH = YES;
				"CODE_SIGN_IDENTITY[sdk=iphoneos*]" = "iPhone Developer";
				COPY_PHASE_STRIP = NO;
				DEBUG_INFORMATION_FORMAT = "dwarf-with-dsym";
				ENABLE_NS_ASSERTIONS = NO;
				ENABLE_STRICT_OBJC_MSGSEND = YES;
				GCC_C_LANGUAGE_STANDARD = gnu99;
				GCC_NO_COMMON_BLOCKS = YES;
				GCC_WARN_64_TO_32_BIT_CONVERSION = YES;
				GCC_WARN_ABOUT_RETURN_TYPE = YES_ERROR;
				GCC_WARN_UNDECLARED_SELECTOR = YES;
				GCC_WARN_UNINITIALIZED_AUTOS = YES_AGGRESSIVE;
				GCC_WARN_UNUSED_FUNCTION = YES;
				GCC_WARN_UNUSED_VARIABLE = YES;
				IPHONEOS_DEPLOYMENT_TARGET = 9.3;
				MTL_ENABLE_DEBUG_INFO = NO;
				SDKROOT = iphoneos;
				VALIDATE_PRODUCT = YES;
			};
			name = Release;
		};
		BE10C7EF1D4C884600A9BC48 /* Debug */ = {
			isa = XCBuildConfiguration;
			buildSettings = {
				ASSETCATALOG_COMPILER_APPICON_NAME = AppIcon;
				INFOPLIST_FILE = "$(SRCROOT)/KWFillBlankViewControllerDemo/Info.plist";
				LD_RUNPATH_SEARCH_PATHS = "$(inherited) @executable_path/Frameworks";
				PRODUCT_BUNDLE_IDENTIFIER = yizhe.KWFillBlankViewControllerDemo;
				PRODUCT_NAME = KWFillBlankViewControllerDemo;
			};
			name = Debug;
		};
		BE10C7F01D4C884600A9BC48 /* Release */ = {
			isa = XCBuildConfiguration;
			buildSettings = {
				ASSETCATALOG_COMPILER_APPICON_NAME = AppIcon;
				INFOPLIST_FILE = "$(SRCROOT)/KWFillBlankViewControllerDemo/Info.plist";
				LD_RUNPATH_SEARCH_PATHS = "$(inherited) @executable_path/Frameworks";
				PRODUCT_BUNDLE_IDENTIFIER = yizhe.KWFillBlankViewControllerDemo;
				PRODUCT_NAME = KWFillBlankViewControllerDemo;
			};
			name = Release;
		};
/* End XCBuildConfiguration section */

/* Begin XCConfigurationList section */
		BE10C7D71D4C884600A9BC48 /* Build configuration list for PBXProject "KWFillBlankViewControllerDemo" */ = {
			isa = XCConfigurationList;
			buildConfigurations = (
				BE10C7EC1D4C884600A9BC48 /* Debug */,
				BE10C7ED1D4C884600A9BC48 /* Release */,
			);
			defaultConfigurationIsVisible = 0;
			defaultConfigurationName = Release;
		};
		BE10C7EE1D4C884600A9BC48 /* Build configuration list for PBXNativeTarget "KWFillBlankViewControllerDemo" */ = {
			isa = XCConfigurationList;
			buildConfigurations = (
				BE10C7EF1D4C884600A9BC48 /* Debug */,
				BE10C7F01D4C884600A9BC48 /* Release */,
			);
			defaultConfigurationIsVisible = 0;
			defaultConfigurationName = Release;
		};
/* End XCConfigurationList section */
	};
	rootObject = BE10C7D41D4C884600A9BC48 /* Project object */;
}
